
Microsoft Visual Studio Solution File, Format Version 12.00
# Visual Studio Express 2013 for Windows Desktop
VisualStudioVersion = 12.0.30723.0
MinimumVisualStudioVersion = 10.0.40219.1
Project("{8BC9CEB8-8B4A-11D0-8D11-00A0C91BC942}") = "LibrariesExample", "LibrariesExample\LibrariesExample.vcxproj", "{657EF34C-1444-443B-A884-1F86E0176EFD}"
EndProject
Global
	GlobalSection(SolutionConfigurationPlatforms) = preSolution
		Debug|Win32 = Debug|Win32
		Release|Win32 = Release|Win32
	EndGlobalSection
	GlobalSection(ProjectConfigurationPlatforms) = postSolution
		{657EF34C-1444-443B-A884-1F86E0176EFD}.Debug|Win32.ActiveCfg = Debug|Win32
		{657EF34C-1444-443B-A884-1F86E0176EFD}.Debug|Win32.Build.0 = Debug|Win32
		{657EF34C-1444-443B-A884-1F86E0176EFD}.Release|Win32.ActiveCfg = Release|Win32
		{657EF34C-1444-443B-A884-1F86E0176EFD}.Release|Win32.Build.0 = Release|Win32
	EndGlobalSection
	GlobalSection(SolutionProperties) = preSolution
		HideSolutionNode = FALSE
	EndGlobalSection
EndGlobal
